
Microsoft Visual Studio Solution File, Format Version 12.00
# Visual Studio Version 17
VisualStudioVersion = 17.0.32112.339
MinimumVisualStudioVersion = 10.0.40219.1
Project("{FAE04EC0-301F-11D3-BF4B-00C04F79EFBC}") = "PokeApp.Android", "PokeApp\PokeApp.Android\PokeApp.Android.csproj", "{167B5C0D-43EB-421F-A7E1-DA0B0FC53383}"
EndProject
Project("{FAE04EC0-301F-11D3-BF4B-00C04F79EFBC}") = "PokeApp.iOS", "PokeApp\PokeApp.iOS\PokeApp.iOS.csproj", "{0ABC7C1B-3616-4EDD-B40E-DFB050DAC68B}"
EndProject
Project("{FAE04EC0-301F-11D3-BF4B-00C04F79EFBC}") = "PokeApp", "PokeApp\PokeApp\PokeApp.csproj", "{1D82C5E8-4D72-4C97-BA87-1847E8FD1BE6}"
EndProject
Global
	GlobalSection(SolutionConfigurationPlatforms) = preSolution
		Debug|Any CPU = Debug|Any CPU
		Debug|iPhone = Debug|iPhone
		Debug|iPhoneSimulator = Debug|iPhoneSimulator
		Release|Any CPU = Release|Any CPU
		Release|iPhone = Release|iPhone
		Release|iPhoneSimulator = Release|iPhoneSimulator
	EndGlobalSection
	GlobalSection(ProjectConfigurationPlatforms) = postSolution
		{167B5C0D-43EB-421F-A7E1-DA0B0FC53383}.Debug|Any CPU.ActiveCfg = Debug|Any CPU
		{167B5C0D-43EB-421F-A7E1-DA0B0FC53383}.Debug|Any CPU.Build.0 = Debug|Any CPU
		{167B5C0D-43EB-421F-A7E1-DA0B0FC53383}.Debug|Any CPU.Deploy.0 = Debug|Any CPU
		{167B5C0D-43EB-421F-A7E1-DA0B0FC53383}.Debug|iPhone.ActiveCfg = Debug|Any CPU
		{167B5C0D-43EB-421F-A7E1-DA0B0FC53383}.Debug|iPhone.Build.0 = Debug|Any CPU
		{167B5C0D-43EB-421F-A7E1-DA0B0FC53383}.Debug|iPhone.Deploy.0 = Debug|Any CPU
		{167B5C0D-43EB-421F-A7E1-DA0B0FC53383}.Debug|iPhoneSimulator.ActiveCfg = Debug|Any CPU
		{167B5C0D-43EB-421F-A7E1-DA0B0FC53383}.Debug|iPhoneSimulator.Build.0 = Debug|Any CPU
		{167B5C0D-43EB-421F-A7E1-DA0B0FC53383}.Debug|iPhoneSimulator.Deploy.0 = Debug|Any CPU
		{167B5C0D-43EB-421F-A7E1-DA0B0FC53383}.Release|Any CPU.ActiveCfg = Release|Any CPU
		{167B5C0D-43EB-421F-A7E1-DA0B0FC53383}.Release|Any CPU.Build.0 = Release|Any CPU
		{167B5C0D-43EB-421F-A7E1-DA0B0FC53383}.Release|Any CPU.Deploy.0 = Release|Any CPU
		{167B5C0D-43EB-421F-A7E1-DA0B0FC53383}.Release|iPhone.ActiveCfg = Release|Any CPU
		{167B5C0D-43EB-421F-A7E1-DA0B0FC53383}.Release|iPhone.Build.0 = Release|Any CPU
		{167B5C0D-43EB-421F-A7E1-DA0B0FC53383}.Release|iPhone.Deploy.0 = Release|Any CPU
		{167B5C0D-43EB-421F-A7E1-DA0B0FC53383}.Release|iPhoneSimulator.ActiveCfg = Release|Any CPU
		{167B5C0D-43EB-421F-A7E1-DA0B0FC53383}.Release|iPhoneSimulator.Build.0 = Release|Any CPU
		{167B5C0D-43EB-421F-A7E1-DA0B0FC53383}.Release|iPhoneSimulator.Deploy.0 = Release|Any CPU
		{0ABC7C1B-3616-4EDD-B40E-DFB050DAC68B}.Debug|Any CPU.ActiveCfg = Debug|iPhone
		{0ABC7C1B-3616-4EDD-B40E-DFB050DAC68B}.Debug|Any CPU.Build.0 = Debug|iPhone
		{0ABC7C1B-3616-4EDD-B40E-DFB050DAC68B}.Debug|Any CPU.Deploy.0 = Debug|iPhone
		{0ABC7C1B-3616-4EDD-B40E-DFB050DAC68B}.Debug|iPhone.ActiveCfg = Debug|iPhone
		{0ABC7C1B-3616-4EDD-B40E-DFB050DAC68B}.Debug|iPhone.Build.0 = Debug|iPhone
		{0ABC7C1B-3616-4EDD-B40E-DFB050DAC68B}.Debug|iPhone.Deploy.0 = Debug|iPhone
		{0ABC7C1B-3616-4EDD-B40E-DFB050DAC68B}.Debug|iPhoneSimulator.ActiveCfg = Debug|iPhoneSimulator
		{0ABC7C1B-3616-4EDD-B40E-DFB050DAC68B}.Debug|iPhoneSimulator.Build.0 = Debug|iPhoneSimulator
		{0ABC7C1B-3616-4EDD-B40E-DFB050DAC68B}.Debug|iPhoneSimulator.Deploy.0 = Debug|iPhoneSimulator
		{0ABC7C1B-3616-4EDD-B40E-DFB050DAC68B}.Release|Any CPU.ActiveCfg = Release|iPhoneSimulator
		{0ABC7C1B-3616-4EDD-B40E-DFB050DAC68B}.Release|Any CPU.Build.0 = Release|iPhoneSimulator
		{0ABC7C1B-3616-4EDD-B40E-DFB050DAC68B}.Release|Any CPU.Deploy.0 = Release|iPhoneSimulator
		{0ABC7C1B-3616-4EDD-B40E-DFB050DAC68B}.Release|iPhone.ActiveCfg = Release|iPhone
		{0ABC7C1B-3616-4EDD-B40E-DFB050DAC68B}.Release|iPhone.Build.0 = Release|iPhone
		{0ABC7C1B-3616-4EDD-B40E-DFB050DAC68B}.Release|iPhone.Deploy.0 = Release|iPhone
		{0ABC7C1B-3616-4EDD-B40E-DFB050DAC68B}.Release|iPhoneSimulator.ActiveCfg = Release|iPhoneSimulator
		{0ABC7C1B-3616-4EDD-B40E-DFB050DAC68B}.Release|iPhoneSimulator.Build.0 = Release|iPhoneSimulator
		{0ABC7C1B-3616-4EDD-B40E-DFB050DAC68B}.Release|iPhoneSimulator.Deploy.0 = Release|iPhoneSimulator
		{1D82C5E8-4D72-4C97-BA87-1847E8FD1BE6}.Debug|Any CPU.ActiveCfg = Debug|Any CPU
		{1D82C5E8-4D72-4C97-BA87-1847E8FD1BE6}.Debug|Any CPU.Build.0 = Debug|Any CPU
		{1D82C5E8-4D72-4C97-BA87-1847E8FD1BE6}.Debug|Any CPU.Deploy.0 = Debug|Any CPU
		{1D82C5E8-4D72-4C97-BA87-1847E8FD1BE6}.Debug|iPhone.ActiveCfg = Debug|Any CPU
		{1D82C5E8-4D72-4C97-BA87-1847E8FD1BE6}.Debug|iPhone.Build.0 = Debug|Any CPU
		{1D82C5E8-4D72-4C97-BA87-1847E8FD1BE6}.Debug|iPhone.Deploy.0 = Debug|Any CPU
		{1D82C5E8-4D72-4C97-BA87-1847E8FD1BE6}.Debug|iPhoneSimulator.ActiveCfg = Debug|Any CPU
		{1D82C5E8-4D72-4C97-BA87-1847E8FD1BE6}.Debug|iPhoneSimulator.Build.0 = Debug|Any CPU
		{1D82C5E8-4D72-4C97-BA87-1847E8FD1BE6}.Debug|iPhoneSimulator.Deploy.0 = Debug|Any CPU
		{1D82C5E8-4D72-4C97-BA87-1847E8FD1BE6}.Release|Any CPU.ActiveCfg = Release|Any CPU
		{1D82C5E8-4D72-4C97-BA87-1847E8FD1BE6}.Release|Any CPU.Build.0 = Release|Any CPU
		{1D82C5E8-4D72-4C97-BA87-1847E8FD1BE6}.Release|Any CPU.Deploy.0 = Release|Any CPU
		{1D82C5E8-4D72-4C97-BA87-1847E8FD1BE6}.Release|iPhone.ActiveCfg = Release|Any CPU
		{1D82C5E8-4D72-4C97-BA87-1847E8FD1BE6}.Release|iPhone.Build.0 = Release|Any CPU
		{1D82C5E8-4D72-4C97-BA87-1847E8FD1BE6}.Release|iPhone.Deploy.0 = Release|Any CPU
		{1D82C5E8-4D72-4C97-BA87-1847E8FD1BE6}.Release|iPhoneSimulator.ActiveCfg = Release|Any CPU
		{1D82C5E8-4D72-4C97-BA87-1847E8FD1BE6}.Release|iPhoneSimulator.Build.0 = Release|Any CPU
		{1D82C5E8-4D72-4C97-BA87-1847E8FD1BE6}.Release|iPhoneSimulator.Deploy.0 = Release|Any CPU
	EndGlobalSection
	GlobalSection(SolutionProperties) = preSolution
		HideSolutionNode = FALSE
	EndGlobalSection
	GlobalSection(ExtensibilityGlobals) = postSolution
		SolutionGuid = {64B771F7-3930-4E3F-B572-B9E1AA975534}
	EndGlobalSection
EndGlobal
